// !$*UTF8*$!
{
	archiveVersion = 1;
	classes = {
	};
	objectVersion = 56;
	objects = {

/* Begin PBXBuildFile section */
		76294B772B934F9E006476EC /* driverbuddyApp.swift in Sources */ = {isa = PBXBuildFile; fileRef = 76294B762B934F9E006476EC /* driverbuddyApp.swift */; };
		76294B792B934F9E006476EC /* ContentView.swift in Sources */ = {isa = PBXBuildFile; fileRef = 76294B782B934F9E006476EC /* ContentView.swift */; };
		76294B7B2B934FA0006476EC /* Assets.xcassets in Resources */ = {isa = PBXBuildFile; fileRef = 76294B7A2B934FA0006476EC /* Assets.xcassets */; };
		76294B7E2B934FA0006476EC /* Preview Assets.xcassets in Resources */ = {isa = PBXBuildFile; fileRef = 76294B7D2B934FA0006476EC /* Preview Assets.xcassets */; };
		76294B882B934FA0006476EC /* driverbuddyTests.swift in Sources */ = {isa = PBXBuildFile; fileRef = 76294B872B934FA0006476EC /* driverbuddyTests.swift */; };
		76294B922B934FA0006476EC /* driverbuddyUITests.swift in Sources */ = {isa = PBXBuildFile; fileRef = 76294B912B934FA0006476EC /* driverbuddyUITests.swift */; };
		76294B942B934FA0006476EC /* driverbuddyUITestsLaunchTests.swift in Sources */ = {isa = PBXBuildFile; fileRef = 76294B932B934FA0006476EC /* driverbuddyUITestsLaunchTests.swift */; };
/* End PBXBuildFile section */

/* Begin PBXContainerItemProxy section */
		76294B842B934FA0006476EC /* PBXContainerItemProxy */ = {
			isa = PBXContainerItemProxy;
			containerPortal = 76294B6B2B934F9E006476EC /* Project object */;
			proxyType = 1;
			remoteGlobalIDString = 76294B722B934F9E006476EC;
			remoteInfo = driverbuddy;
		};
		76294B8E2B934FA0006476EC /* PBXContainerItemProxy */ = {
			isa = PBXContainerItemProxy;
			containerPortal = 76294B6B2B934F9E006476EC /* Project object */;
			proxyType = 1;
			remoteGlobalIDString = 76294B722B934F9E006476EC;
			remoteInfo = driverbuddy;
		};
/* End PBXContainerItemProxy section */

/* Begin PBXFileReference section */
		76294B732B934F9E006476EC /* driverbuddy.app */ = {isa = PBXFileReference; explicitFileType = wrapper.application; includeInIndex = 0; path = driverbuddy.app; sourceTree = BUILT_PRODUCTS_DIR; };
		76294B762B934F9E006476EC /* driverbuddyApp.swift */ = {isa = PBXFileReference; lastKnownFileType = sourcecode.swift; path = driverbuddyApp.swift; sourceTree = "<group>"; };
		76294B782B934F9E006476EC /* ContentView.swift */ = {isa = PBXFileReference; lastKnownFileType = sourcecode.swift; path = ContentView.swift; sourceTree = "<group>"; };
		76294B7A2B934FA0006476EC /* Assets.xcassets */ = {isa = PBXFileReference; lastKnownFileType = folder.assetcatalog; path = Assets.xcassets; sourceTree = "<group>"; };
		76294B7D2B934FA0006476EC /* Preview Assets.xcassets */ = {isa = PBXFileReference; lastKnownFileType = folder.assetcatalog; path = "Preview Assets.xcassets"; sourceTree = "<group>"; };
		76294B832B934FA0006476EC /* driverbuddyTests.xctest */ = {isa = PBXFileReference; explicitFileType = wrapper.cfbundle; includeInIndex = 0; path = driverbuddyTests.xctest; sourceTree = BUILT_PRODUCTS_DIR; };
		76294B872B934FA0006476EC /* driverbuddyTests.swift */ = {isa = PBXFileReference; lastKnownFileType = sourcecode.swift; path = driverbuddyTests.swift; sourceTree = "<group>"; };
		76294B8D2B934FA0006476EC /* driverbuddyUITests.xctest */ = {isa = PBXFileReference; explicitFileType = wrapper.cfbundle; includeInIndex = 0; path = driverbuddyUITests.xctest; sourceTree = BUILT_PRODUCTS_DIR; };
		76294B912B934FA0006476EC /* driverbuddyUITests.swift */ = {isa = PBXFileReference; lastKnownFileType = sourcecode.swift; path = driverbuddyUITests.swift; sourceTree = "<group>"; };
		76294B932B934FA0006476EC /* driverbuddyUITestsLaunchTests.swift */ = {isa = PBXFileReference; lastKnownFileType = sourcecode.swift; path = driverbuddyUITestsLaunchTests.swift; sourceTree = "<group>"; };
/* End PBXFileReference section */

/* Begin PBXFrameworksBuildPhase section */
		76294B702B934F9E006476EC /* Frameworks */ = {
			isa = PBXFrameworksBuildPhase;
			buildActionMask = 2147483647;
			files = (
			);
			runOnlyForDeploymentPostprocessing = 0;
		};
		76294B802B934FA0006476EC /* Frameworks */ = {
			isa = PBXFrameworksBuildPhase;
			buildActionMask = 2147483647;
			files = (
			);
			runOnlyForDeploymentPostprocessing = 0;
		};
		76294B8A2B934FA0006476EC /* Frameworks */ = {
			isa = PBXFrameworksBuildPhase;
			buildActionMask = 2147483647;
			files = (
			);
			runOnlyForDeploymentPostprocessing = 0;
		};
/* End PBXFrameworksBuildPhase section */

/* Begin PBXGroup section */
		76294B6A2B934F9E006476EC = {
			isa = PBXGroup;
			children = (
				76294B752B934F9E006476EC /* driverbuddy */,
				76294B862B934FA0006476EC /* driverbuddyTests */,
				76294B902B934FA0006476EC /* driverbuddyUITests */,
				76294B742B934F9E006476EC /* Products */,
			);
			sourceTree = "<group>";
		};
		76294B742B934F9E006476EC /* Products */ = {
			isa = PBXGroup;
			children = (
				76294B732B934F9E006476EC /* driverbuddy.app */,
				76294B832B934FA0006476EC /* driverbuddyTests.xctest */,
				76294B8D2B934FA0006476EC /* driverbuddyUITests.xctest */,
			);
			name = Products;
			sourceTree = "<group>";
		};
		76294B752B934F9E006476EC /* driverbuddy */ = {
			isa = PBXGroup;
			children = (
				76294B762B934F9E006476EC /* driverbuddyApp.swift */,
				76294B782B934F9E006476EC /* ContentView.swift */,
				76294B7A2B934FA0006476EC /* Assets.xcassets */,
				76294B7C2B934FA0006476EC /* Preview Content */,
			);
			path = driverbuddy;
			sourceTree = "<group>";
		};
		76294B7C2B934FA0006476EC /* Preview Content */ = {
			isa = PBXGroup;
			children = (
				76294B7D2B934FA0006476EC /* Preview Assets.xcassets */,
			);
			path = "Preview Content";
			sourceTree = "<group>";
		};
		76294B862B934FA0006476EC /* driverbuddyTests */ = {
			isa = PBXGroup;
			children = (
				76294B872B934FA0006476EC /* driverbuddyTests.swift */,
			);
			path = driverbuddyTests;
			sourceTree = "<group>";
		};
		76294B902B934FA0006476EC /* driverbuddyUITests */ = {
			isa = PBXGroup;
			children = (
				76294B912B934FA0006476EC /* driverbuddyUITests.swift */,
				76294B932B934FA0006476EC /* driverbuddyUITestsLaunchTests.swift */,
			);
			path = driverbuddyUITests;
			sourceTree = "<group>";
		};
/* End PBXGroup section */

/* Begin PBXNativeTarget section */
		76294B722B934F9E006476EC /* driverbuddy */ = {
			isa = PBXNativeTarget;
			buildConfigurationList = 76294B972B934FA0006476EC /* Build configuration list for PBXNativeTarget "driverbuddy" */;
			buildPhases = (
				76294B6F2B934F9E006476EC /* Sources */,
				76294B702B934F9E006476EC /* Frameworks */,
				76294B712B934F9E006476EC /* Resources */,
			);
			buildRules = (
			);
			dependencies = (
			);
			name = driverbuddy;
			productName = driverbuddy;
			productReference = 76294B732B934F9E006476EC /* driverbuddy.app */;
			productType = "com.apple.product-type.application";
		};
		76294B822B934FA0006476EC /* driverbuddyTests */ = {
			isa = PBXNativeTarget;
			buildConfigurationList = 76294B9A2B934FA0006476EC /* Build configuration list for PBXNativeTarget "driverbuddyTests" */;
			buildPhases = (
				76294B7F2B934FA0006476EC /* Sources */,
				76294B802B934FA0006476EC /* Frameworks */,
				76294B812B934FA0006476EC /* Resources */,
			);
			buildRules = (
			);
			dependencies = (
				76294B852B934FA0006476EC /* PBXTargetDependency */,
			);
			name = driverbuddyTests;
			productName = driverbuddyTests;
			productReference = 76294B832B934FA0006476EC /* driverbuddyTests.xctest */;
			productType = "com.apple.product-type.bundle.unit-test";
		};
		76294B8C2B934FA0006476EC /* driverbuddyUITests */ = {
			isa = PBXNativeTarget;
			buildConfigurationList = 76294B9D2B934FA0006476EC /* Build configuration list for PBXNativeTarget "driverbuddyUITests" */;
			buildPhases = (
				76294B892B934FA0006476EC /* Sources */,
				76294B8A2B934FA0006476EC /* Frameworks */,
				76294B8B2B934FA0006476EC /* Resources */,
			);
			buildRules = (
			);
			dependencies = (
				76294B8F2B934FA0006476EC /* PBXTargetDependency */,
			);
			name = driverbuddyUITests;
			productName = driverbuddyUITests;
			productReference = 76294B8D2B934FA0006476EC /* driverbuddyUITests.xctest */;
			productType = "com.apple.product-type.bundle.ui-testing";
		};
/* End PBXNativeTarget section */

/* Begin PBXProject section */
		76294B6B2B934F9E006476EC /* Project object */ = {
			isa = PBXProject;
			attributes = {
				BuildIndependentTargetsInParallel = 1;
				LastSwiftUpdateCheck = 1520;
				LastUpgradeCheck = 1520;
				TargetAttributes = {
					76294B722B934F9E006476EC = {
						CreatedOnToolsVersion = 15.2;
					};
					76294B822B934FA0006476EC = {
						CreatedOnToolsVersion = 15.2;
						TestTargetID = 76294B722B934F9E006476EC;
					};
					76294B8C2B934FA0006476EC = {
						CreatedOnToolsVersion = 15.2;
						TestTargetID = 76294B722B934F9E006476EC;
					};
				};
			};
			buildConfigurationList = 76294B6E2B934F9E006476EC /* Build configuration list for PBXProject "driverbuddy" */;
			compatibilityVersion = "Xcode 14.0";
			developmentRegion = en;
			hasScannedForEncodings = 0;
			knownRegions = (
				en,
				Base,
			);
			mainGroup = 76294B6A2B934F9E006476EC;
			productRefGroup = 76294B742B934F9E006476EC /* Products */;
			projectDirPath = "";
			projectRoot = "";
			targets = (
				76294B722B934F9E006476EC /* driverbuddy */,
				76294B822B934FA0006476EC /* driverbuddyTests */,
				76294B8C2B934FA0006476EC /* driverbuddyUITests */,
			);
		};
/* End PBXProject section */

/* Begin PBXResourcesBuildPhase section */
		76294B712B934F9E006476EC /* Resources */ = {
			isa = PBXResourcesBuildPhase;
			buildActionMask = 2147483647;
			files = (
				76294B7E2B934FA0006476EC /* Preview Assets.xcassets in Resources */,
				76294B7B2B934FA0006476EC /* Assets.xcassets in Resources */,
			);
			runOnlyForDeploymentPostprocessing = 0;
		};
		76294B812B934FA0006476EC /* Resources */ = {
			isa = PBXResourcesBuildPhase;
			buildActionMask = 2147483647;
			files = (
			);
			runOnlyForDeploymentPostprocessing = 0;
		};
		76294B8B2B934FA0006476EC /* Resources */ = {
			isa = PBXResourcesBuildPhase;
			buildActionMask = 2147483647;
			files = (
			);
			runOnlyForDeploymentPostprocessing = 0;
		};
/* End PBXResourcesBuildPhase section */

/* Begin PBXSourcesBuildPhase section */
		76294B6F2B934F9E006476EC /* Sources */ = {
			isa = PBXSourcesBuildPhase;
			buildActionMask = 2147483647;
			files = (
				76294B792B934F9E006476EC /* ContentView.swift in Sources */,
				76294B772B934F9E006476EC /* driverbuddyApp.swift in Sources */,
			);
			runOnlyForDeploymentPostprocessing = 0;
		};
		76294B7F2B934FA0006476EC /* Sources */ = {
			isa = PBXSourcesBuildPhase;
			buildActionMask = 2147483647;
			files = (
				76294B882B934FA0006476EC /* driverbuddyTests.swift in Sources */,
			);
			runOnlyForDeploymentPostprocessing = 0;
		};
		76294B892B934FA0006476EC /* Sources */ = {
			isa = PBXSourcesBuildPhase;
			buildActionMask = 2147483647;
			files = (
				76294B922B934FA0006476EC /* driverbuddyUITests.swift in Sources */,
				76294B942B934FA0006476EC /* driverbuddyUITestsLaunchTests.swift in Sources */,
			);
			runOnlyForDeploymentPostprocessing = 0;
		};
/* End PBXSourcesBuildPhase section */

/* Begin PBXTargetDependency section */
		76294B852B934FA0006476EC /* PBXTargetDependency */ = {
			isa = PBXTargetDependency;
			target = 76294B722B934F9E006476EC /* driverbuddy */;
			targetProxy = 76294B842B934FA0006476EC /* PBXContainerItemProxy */;
		};
		76294B8F2B934FA0006476EC /* PBXTargetDependency */ = {
			isa = PBXTargetDependency;
			target = 76294B722B934F9E006476EC /* driverbuddy */;
			targetProxy = 76294B8E2B934FA0006476EC /* PBXContainerItemProxy */;
		};
/* End PBXTargetDependency section */

/* Begin XCBuildConfiguration section */
		76294B952B934FA0006476EC /* Debug */ = {
			isa = XCBuildConfiguration;
			buildSettings = {
				ALWAYS_SEARCH_USER_PATHS = NO;
				ASSETCATALOG_COMPILER_GENERATE_SWIFT_ASSET_SYMBOL_EXTENSIONS = YES;
				CLANG_ANALYZER_NONNULL = YES;
				CLANG_ANALYZER_NUMBER_OBJECT_CONVERSION = YES_AGGRESSIVE;
				CLANG_CXX_LANGUAGE_STANDARD = "gnu++20";
				CLANG_ENABLE_MODULES = YES;
				CLANG_ENABLE_OBJC_ARC = YES;
				CLANG_ENABLE_OBJC_WEAK = YES;
				CLANG_WARN_BLOCK_CAPTURE_AUTORELEASING = YES;
				CLANG_WARN_BOOL_CONVERSION = YES;
				CLANG_WARN_COMMA = YES;
				CLANG_WARN_CONSTANT_CONVERSION = YES;
				CLANG_WARN_DEPRECATED_OBJC_IMPLEMENTATIONS = YES;
				CLANG_WARN_DIRECT_OBJC_ISA_USAGE = YES_ERROR;
				CLANG_WARN_DOCUMENTATION_COMMENTS = YES;
				CLANG_WARN_EMPTY_BODY = YES;
				CLANG_WARN_ENUM_CONVERSION = YES;
				CLANG_WARN_INFINITE_RECURSION = YES;
				CLANG_WARN_INT_CONVERSION = YES;
				CLANG_WARN_NON_LITERAL_NULL_CONVERSION = YES;
				CLANG_WARN_OBJC_IMPLICIT_RETAIN_SELF = YES;
				CLANG_WARN_OBJC_LITERAL_CONVERSION = YES;
				CLANG_WARN_OBJC_ROOT_CLASS = YES_ERROR;
				CLANG_WARN_QUOTED_INCLUDE_IN_FRAMEWORK_HEADER = YES;
				CLANG_WARN_RANGE_LOOP_ANALYSIS = YES;
				CLANG_WARN_STRICT_PROTOTYPES = YES;
				CLANG_WARN_SUSPICIOUS_MOVE = YES;
				CLANG_WARN_UNGUARDED_AVAILABILITY = YES_AGGRESSIVE;
				CLANG_WARN_UNREACHABLE_CODE = YES;
				CLANG_WARN__DUPLICATE_METHOD_MATCH = YES;
				COPY_PHASE_STRIP = NO;
				DEBUG_INFORMATION_FORMAT = dwarf;
				ENABLE_STRICT_OBJC_MSGSEND = YES;
				ENABLE_TESTABILITY = YES;
				ENABLE_USER_SCRIPT_SANDBOXING = YES;
				GCC_C_LANGUAGE_STANDARD = gnu17;
				GCC_DYNAMIC_NO_PIC = NO;
				GCC_NO_COMMON_BLOCKS = YES;
				GCC_OPTIMIZATION_LEVEL = 0;
				GCC_PREPROCESSOR_DEFINITIONS = (
					"DEBUG=1",
					"$(inherited)",
				);
				GCC_WARN_64_TO_32_BIT_CONVERSION = YES;
				GCC_WARN_ABOUT_RETURN_TYPE = YES_ERROR;
				GCC_WARN_UNDECLARED_SELECTOR = YES;
				GCC_WARN_UNINITIALIZED_AUTOS = YES_AGGRESSIVE;
				GCC_WARN_UNUSED_FUNCTION = YES;
				GCC_WARN_UNUSED_VARIABLE = YES;
				IPHONEOS_DEPLOYMENT_TARGET = 17.2;
				LOCALIZATION_PREFERS_STRING_CATALOGS = YES;
				MTL_ENABLE_DEBUG_INFO = INCLUDE_SOURCE;
				MTL_FAST_MATH = YES;
				ONLY_ACTIVE_ARCH = YES;
				SDKROOT = iphoneos;
				SWIFT_ACTIVE_COMPILATION_CONDITIONS = "DEBUG $(inherited)";
				SWIFT_OPTIMIZATION_LEVEL = "-Onone";
			};
			name = Debug;
		};
		76294B962B934FA0006476EC /* Release */ = {
			isa = XCBuildConfiguration;
			buildSettings = {
				ALWAYS_SEARCH_USER_PATHS = NO;
				ASSETCATALOG_COMPILER_GENERATE_SWIFT_ASSET_SYMBOL_EXTENSIONS = YES;
				CLANG_ANALYZER_NONNULL = YES;
				CLANG_ANALYZER_NUMBER_OBJECT_CONVERSION = YES_AGGRESSIVE;
				CLANG_CXX_LANGUAGE_STANDARD = "gnu++20";
				CLANG_ENABLE_MODULES = YES;
				CLANG_ENABLE_OBJC_ARC = YES;
				CLANG_ENABLE_OBJC_WEAK = YES;
				CLANG_WARN_BLOCK_CAPTURE_AUTORELEASING = YES;
				CLANG_WARN_BOOL_CONVERSION = YES;
				CLANG_WARN_COMMA = YES;
				CLANG_WARN_CONSTANT_CONVERSION = YES;
				CLANG_WARN_DEPRECATED_OBJC_IMPLEMENTATIONS = YES;
				CLANG_WARN_DIRECT_OBJC_ISA_USAGE = YES_ERROR;
				CLANG_WARN_DOCUMENTATION_COMMENTS = YES;
				CLANG_WARN_EMPTY_BODY = YES;
				CLANG_WARN_ENUM_CONVERSION = YES;
				CLANG_WARN_INFINITE_RECURSION = YES;
				CLANG_WARN_INT_CONVERSION = YES;
				CLANG_WARN_NON_LITERAL_NULL_CONVERSION = YES;
				CLANG_WARN_OBJC_IMPLICIT_RETAIN_SELF = YES;
				CLANG_WARN_OBJC_LITERAL_CONVERSION = YES;
				CLANG_WARN_OBJC_ROOT_CLASS = YES_ERROR;
				CLANG_WARN_QUOTED_INCLUDE_IN_FRAMEWORK_HEADER = YES;
				CLANG_WARN_RANGE_LOOP_ANALYSIS = YES;
				CLANG_WARN_STRICT_PROTOTYPES = YES;
				CLANG_WARN_SUSPICIOUS_MOVE = YES;
				CLANG_WARN_UNGUARDED_AVAILABILITY = YES_AGGRESSIVE;
				CLANG_WARN_UNREACHABLE_CODE = YES;
				CLANG_WARN__DUPLICATE_METHOD_MATCH = YES;
				COPY_PHASE_STRIP = NO;
				DEBUG_INFORMATION_FORMAT = "dwarf-with-dsym";
				ENABLE_NS_ASSERTIONS = NO;
				ENABLE_STRICT_OBJC_MSGSEND = YES;
				ENABLE_USER_SCRIPT_SANDBOXING = YES;
				GCC_C_LANGUAGE_STANDARD = gnu17;
				GCC_NO_COMMON_BLOCKS = YES;
				GCC_WARN_64_TO_32_BIT_CONVERSION = YES;
				GCC_WARN_ABOUT_RETURN_TYPE = YES_ERROR;
				GCC_WARN_UNDECLARED_SELECTOR = YES;
				GCC_WARN_UNINITIALIZED_AUTOS = YES_AGGRESSIVE;
				GCC_WARN_UNUSED_FUNCTION = YES;
				GCC_WARN_UNUSED_VARIABLE = YES;
				IPHONEOS_DEPLOYMENT_TARGET = 17.2;
				LOCALIZATION_PREFERS_STRING_CATALOGS = YES;
				MTL_ENABLE_DEBUG_INFO = NO;
				MTL_FAST_MATH = YES;
				SDKROOT = iphoneos;
				SWIFT_COMPILATION_MODE = wholemodule;
				VALIDATE_PRODUCT = YES;
			};
			name = Release;
		};
		76294B982B934FA0006476EC /* Debug */ = {
			isa = XCBuildConfiguration;
			buildSettings = {
				ASSETCATALOG_COMPILER_APPICON_NAME = AppIcon;
				ASSETCATALOG_COMPILER_GLOBAL_ACCENT_COLOR_NAME = AccentColor;
				CODE_SIGN_STYLE = Automatic;
				CURRENT_PROJECT_VERSION = 1;
				DEVELOPMENT_ASSET_PATHS = "\"driverbuddy/Preview Content\"";
				DEVELOPMENT_TEAM = PFVCA649R3;
				ENABLE_PREVIEWS = YES;
				GENERATE_INFOPLIST_FILE = YES;
				INFOPLIST_KEY_UIApplicationSceneManifest_Generation = YES;
				INFOPLIST_KEY_UIApplicationSupportsIndirectInputEvents = YES;
				INFOPLIST_KEY_UILaunchScreen_Generation = YES;
				INFOPLIST_KEY_UISupportedInterfaceOrientations_iPad = "UIInterfaceOrientationPortrait UIInterfaceOrientationPortraitUpsideDown UIInterfaceOrientationLandscapeLeft UIInterfaceOrientationLandscapeRight";
				INFOPLIST_KEY_UISupportedInterfaceOrientations_iPhone = "UIInterfaceOrientationPortrait UIInterfaceOrientationLandscapeLeft UIInterfaceOrientationLandscapeRight";
				LD_RUNPATH_SEARCH_PATHS = (
					"$(inherited)",
					"@executable_path/Frameworks",
				);
				MARKETING_VERSION = 1.0;
				PRODUCT_BUNDLE_IDENTIFIER = com.kashiash.driverbuddy;
				PRODUCT_NAME = "$(TARGET_NAME)";
				SWIFT_EMIT_LOC_STRINGS = YES;
				SWIFT_VERSION = 5.0;
				TARGETED_DEVICE_FAMILY = "1,2";
			};
			name = Debug;
		};
		76294B992B934FA0006476EC /* Release */ = {
			isa = XCBuildConfiguration;
			buildSettings = {
				ASSETCATALOG_COMPILER_APPICON_NAME = AppIcon;
				ASSETCATALOG_COMPILER_GLOBAL_ACCENT_COLOR_NAME = AccentColor;
				CODE_SIGN_STYLE = Automatic;
				CURRENT_PROJECT_VERSION = 1;
				DEVELOPMENT_ASSET_PATHS = "\"driverbuddy/Preview Content\"";
				DEVELOPMENT_TEAM = PFVCA649R3;
				ENABLE_PREVIEWS = YES;
				GENERATE_INFOPLIST_FILE = YES;
				INFOPLIST_KEY_UIApplicationSceneManifest_Generation = YES;
				INFOPLIST_KEY_UIApplicationSupportsIndirectInputEvents = YES;
				INFOPLIST_KEY_UILaunchScreen_Generation = YES;
				INFOPLIST_KEY_UISupportedInterfaceOrientations_iPad = "UIInterfaceOrientationPortrait UIInterfaceOrientationPortraitUpsideDown UIInterfaceOrientationLandscapeLeft UIInterfaceOrientationLandscapeRight";
				INFOPLIST_KEY_UISupportedInterfaceOrientations_iPhone = "UIInterfaceOrientationPortrait UIInterfaceOrientationLandscapeLeft UIInterfaceOrientationLandscapeRight";
				LD_RUNPATH_SEARCH_PATHS = (
					"$(inherited)",
					"@executable_path/Frameworks",
				);
				MARKETING_VERSION = 1.0;
				PRODUCT_BUNDLE_IDENTIFIER = com.kashiash.driverbuddy;
				PRODUCT_NAME = "$(TARGET_NAME)";
				SWIFT_EMIT_LOC_STRINGS = YES;
				SWIFT_VERSION = 5.0;
				TARGETED_DEVICE_FAMILY = "1,2";
			};
			name = Release;
		};
		76294B9B2B934FA0006476EC /* Debug */ = {
			isa = XCBuildConfiguration;
			buildSettings = {
				ALWAYS_EMBED_SWIFT_STANDARD_LIBRARIES = YES;
				BUNDLE_LOADER = "$(TEST_HOST)";
				CODE_SIGN_STYLE = Automatic;
				CURRENT_PROJECT_VERSION = 1;
				DEVELOPMENT_TEAM = PFVCA649R3;
				GENERATE_INFOPLIST_FILE = YES;
				IPHONEOS_DEPLOYMENT_TARGET = 17.2;
				MARKETING_VERSION = 1.0;
				PRODUCT_BUNDLE_IDENTIFIER = com.kashiash.driverbuddyTests;
				PRODUCT_NAME = "$(TARGET_NAME)";
				SWIFT_EMIT_LOC_STRINGS = NO;
				SWIFT_VERSION = 5.0;
				TARGETED_DEVICE_FAMILY = "1,2";
				TEST_HOST = "$(BUILT_PRODUCTS_DIR)/driverbuddy.app/$(BUNDLE_EXECUTABLE_FOLDER_PATH)/driverbuddy";
			};
			name = Debug;
		};
		76294B9C2B934FA0006476EC /* Release */ = {
			isa = XCBuildConfiguration;
			buildSettings = {
				ALWAYS_EMBED_SWIFT_STANDARD_LIBRARIES = YES;
				BUNDLE_LOADER = "$(TEST_HOST)";
				CODE_SIGN_STYLE = Automatic;
				CURRENT_PROJECT_VERSION = 1;
				DEVELOPMENT_TEAM = PFVCA649R3;
				GENERATE_INFOPLIST_FILE = YES;
				IPHONEOS_DEPLOYMENT_TARGET = 17.2;
				MARKETING_VERSION = 1.0;
				PRODUCT_BUNDLE_IDENTIFIER = com.kashiash.driverbuddyTests;
				PRODUCT_NAME = "$(TARGET_NAME)";
				SWIFT_EMIT_LOC_STRINGS = NO;
				SWIFT_VERSION = 5.0;
				TARGETED_DEVICE_FAMILY = "1,2";
				TEST_HOST = "$(BUILT_PRODUCTS_DIR)/driverbuddy.app/$(BUNDLE_EXECUTABLE_FOLDER_PATH)/driverbuddy";
			};
			name = Release;
		};
		76294B9E2B934FA0006476EC /* Debug */ = {
			isa = XCBuildConfiguration;
			buildSettings = {
				ALWAYS_EMBED_SWIFT_STANDARD_LIBRARIES = YES;
				CODE_SIGN_STYLE = Automatic;
				CURRENT_PROJECT_VERSION = 1;
				DEVELOPMENT_TEAM = PFVCA649R3;
				GENERATE_INFOPLIST_FILE = YES;
				MARKETING_VERSION = 1.0;
				PRODUCT_BUNDLE_IDENTIFIER = com.kashiash.driverbuddyUITests;
				PRODUCT_NAME = "$(TARGET_NAME)";
				SWIFT_EMIT_LOC_STRINGS = NO;
				SWIFT_VERSION = 5.0;
				TARGETED_DEVICE_FAMILY = "1,2";
				TEST_TARGET_NAME = driverbuddy;
			};
			name = Debug;
		};
		76294B9F2B934FA0006476EC /* Release */ = {
			isa = XCBuildConfiguration;
			buildSettings = {
				ALWAYS_EMBED_SWIFT_STANDARD_LIBRARIES = YES;
				CODE_SIGN_STYLE = Automatic;
				CURRENT_PROJECT_VERSION = 1;
				DEVELOPMENT_TEAM = PFVCA649R3;
				GENERATE_INFOPLIST_FILE = YES;
				MARKETING_VERSION = 1.0;
				PRODUCT_BUNDLE_IDENTIFIER = com.kashiash.driverbuddyUITests;
				PRODUCT_NAME = "$(TARGET_NAME)";
				SWIFT_EMIT_LOC_STRINGS = NO;
				SWIFT_VERSION = 5.0;
				TARGETED_DEVICE_FAMILY = "1,2";
				TEST_TARGET_NAME = driverbuddy;
			};
			name = Release;
		};
/* End XCBuildConfiguration section */

/* Begin XCConfigurationList section */
		76294B6E2B934F9E006476EC /* Build configuration list for PBXProject "driverbuddy" */ = {
			isa = XCConfigurationList;
			buildConfigurations = (
				76294B952B934FA0006476EC /* Debug */,
				76294B962B934FA0006476EC /* Release */,
			);
			defaultConfigurationIsVisible = 0;
			defaultConfigurationName = Release;
		};
		76294B972B934FA0006476EC /* Build configuration list for PBXNativeTarget "driverbuddy" */ = {
			isa = XCConfigurationList;
			buildConfigurations = (
				76294B982B934FA0006476EC /* Debug */,
				76294B992B934FA0006476EC /* Release */,
			);
			defaultConfigurationIsVisible = 0;
			defaultConfigurationName = Release;
		};
		76294B9A2B934FA0006476EC /* Build configuration list for PBXNativeTarget "driverbuddyTests" */ = {
			isa = XCConfigurationList;
			buildConfigurations = (
				76294B9B2B934FA0006476EC /* Debug */,
				76294B9C2B934FA0006476EC /* Release */,
			);
			defaultConfigurationIsVisible = 0;
			defaultConfigurationName = Release;
		};
		76294B9D2B934FA0006476EC /* Build configuration list for PBXNativeTarget "driverbuddyUITests" */ = {
			isa = XCConfigurationList;
			buildConfigurations = (
				76294B9E2B934FA0006476EC /* Debug */,
				76294B9F2B934FA0006476EC /* Release */,
			);
			defaultConfigurationIsVisible = 0;
			defaultConfigurationName = Release;
		};
/* End XCConfigurationList section */
	};
	rootObject = 76294B6B2B934F9E006476EC /* Project object */;
}
