// !$*UTF8*$!
{
	archiveVersion = 1;
	classes = {
	};
	objectVersion = 56;
	objects = {

/* Begin PBXBuildFile section */
		762102E32B9910D50090982A /* TaskListView.swift in Sources */ = {isa = PBXBuildFile; fileRef = 762102E22B9910D40090982A /* TaskListView.swift */; };
		762102E52B9917260090982A /* CompletedTaskList.swift in Sources */ = {isa = PBXBuildFile; fileRef = 762102E42B9917260090982A /* CompletedTaskList.swift */; };
		76294B772B934F9E006476EC /* driverbuddyApp.swift in Sources */ = {isa = PBXBuildFile; fileRef = 76294B762B934F9E006476EC /* driverbuddyApp.swift */; };
		76294B792B934F9E006476EC /* ContentView.swift in Sources */ = {isa = PBXBuildFile; fileRef = 76294B782B934F9E006476EC /* ContentView.swift */; };
		76294B7B2B934FA0006476EC /* Assets.xcassets in Resources */ = {isa = PBXBuildFile; fileRef = 76294B7A2B934FA0006476EC /* Assets.xcassets */; };
		76294B7E2B934FA0006476EC /* Preview Assets.xcassets in Resources */ = {isa = PBXBuildFile; fileRef = 76294B7D2B934FA0006476EC /* Preview Assets.xcassets */; };
		76294B882B934FA0006476EC /* driverbuddyTests.swift in Sources */ = {isa = PBXBuildFile; fileRef = 76294B872B934FA0006476EC /* driverbuddyTests.swift */; };
		76294B922B934FA0006476EC /* driverbuddyUITests.swift in Sources */ = {isa = PBXBuildFile; fileRef = 76294B912B934FA0006476EC /* driverbuddyUITests.swift */; };
		76294B942B934FA0006476EC /* driverbuddyUITestsLaunchTests.swift in Sources */ = {isa = PBXBuildFile; fileRef = 76294B932B934FA0006476EC /* driverbuddyUITestsLaunchTests.swift */; };
		76294BA12B93B9AB006476EC /* Tab.swift in Sources */ = {isa = PBXBuildFile; fileRef = 76294BA02B93B9AB006476EC /* Tab.swift */; };
		76294BA52B93C2B9006476EC /* BottomHelper.swift in Sources */ = {isa = PBXBuildFile; fileRef = 76294BA42B93C2B9006476EC /* BottomHelper.swift */; };
		76524D172BA593DF0030A698 /* SplitNavContentView.swift in Sources */ = {isa = PBXBuildFile; fileRef = 76524D162BA593DF0030A698 /* SplitNavContentView.swift */; };
		76524D192BA594FD0030A698 /* ApplicationSidebarView.swift in Sources */ = {isa = PBXBuildFile; fileRef = 76524D182BA594FD0030A698 /* ApplicationSidebarView.swift */; };
		76896E3F2B94B7D000FF101C /* Task.swift in Sources */ = {isa = PBXBuildFile; fileRef = 76896E3E2B94B7D000FF101C /* Task.swift */; };
		76896E412B94C7B700FF101C /* Vehicle.swift in Sources */ = {isa = PBXBuildFile; fileRef = 76896E402B94C7B700FF101C /* Vehicle.swift */; };
		76896E432B94DA5200FF101C /* Event.swift in Sources */ = {isa = PBXBuildFile; fileRef = 76896E422B94DA5200FF101C /* Event.swift */; };
		76896E452B94DB9F00FF101C /* Odometer.swift in Sources */ = {isa = PBXBuildFile; fileRef = 76896E442B94DB9F00FF101C /* Odometer.swift */; };
		76896E472B94DC7100FF101C /* FuelUp.swift in Sources */ = {isa = PBXBuildFile; fileRef = 76896E462B94DC7100FF101C /* FuelUp.swift */; };
		76896E492B94DD8000FF101C /* EventElement.swift in Sources */ = {isa = PBXBuildFile; fileRef = 76896E482B94DD8000FF101C /* EventElement.swift */; };
		76896E4B2B94DE0000FF101C /* Item.swift in Sources */ = {isa = PBXBuildFile; fileRef = 76896E4A2B94DE0000FF101C /* Item.swift */; };
		76896E4D2B94F0B400FF101C /* CarMake.swift in Sources */ = {isa = PBXBuildFile; fileRef = 76896E4C2B94F0B400FF101C /* CarMake.swift */; };
		76896E4F2B94F0D200FF101C /* CarModel.swift in Sources */ = {isa = PBXBuildFile; fileRef = 76896E4E2B94F0D200FF101C /* CarModel.swift */; };
		76896E512B94F0EB00FF101C /* CarSerie.swift in Sources */ = {isa = PBXBuildFile; fileRef = 76896E502B94F0EB00FF101C /* CarSerie.swift */; };
		76896E532B94F0FA00FF101C /* CarGeneration.swift in Sources */ = {isa = PBXBuildFile; fileRef = 76896E522B94F0FA00FF101C /* CarGeneration.swift */; };
		76896E552B94F10C00FF101C /* CarTrim.swift in Sources */ = {isa = PBXBuildFile; fileRef = 76896E542B94F10C00FF101C /* CarTrim.swift */; };
		76896E572B9511B800FF101C /* ImportDataTests.swift in Sources */ = {isa = PBXBuildFile; fileRef = 76896E562B9511B800FF101C /* ImportDataTests.swift */; };
		76896E5A2B9523D300FF101C /* SwiftCSV in Frameworks */ = {isa = PBXBuildFile; productRef = 76896E592B9523D300FF101C /* SwiftCSV */; };
		76896E5D2B952B6900FF101C /* CarMakeListView.swift in Sources */ = {isa = PBXBuildFile; fileRef = 76896E5C2B952B6900FF101C /* CarMakeListView.swift */; };
		76896E5F2B952C1600FF101C /* CarModelListView.swift in Sources */ = {isa = PBXBuildFile; fileRef = 76896E5E2B952C1600FF101C /* CarModelListView.swift */; };
		76896E622B952F6A00FF101C /* WebService.swift in Sources */ = {isa = PBXBuildFile; fileRef = 76896E612B952F6A00FF101C /* WebService.swift */; };
		76896E642B959DEF00FF101C /* HTTPClient.swift in Sources */ = {isa = PBXBuildFile; fileRef = 76896E632B959DEF00FF101C /* HTTPClient.swift */; };
		76896E662B95BF4400FF101C /* VehicleListView.swift in Sources */ = {isa = PBXBuildFile; fileRef = 76896E652B95BF4400FF101C /* VehicleListView.swift */; };
		76896E692B95D31100FF101C /* VehicleCellView.swift in Sources */ = {isa = PBXBuildFile; fileRef = 76896E682B95D31100FF101C /* VehicleCellView.swift */; };
		76896E6B2B95D4A100FF101C /* VehicleDetailView.swift in Sources */ = {isa = PBXBuildFile; fileRef = 76896E6A2B95D4A100FF101C /* VehicleDetailView.swift */; };
		76896E6D2B96065100FF101C /* EventView.swift in Sources */ = {isa = PBXBuildFile; fileRef = 76896E6C2B96065100FF101C /* EventView.swift */; };
		76896E6F2B973EF000FF101C /* TextIconField.swift in Sources */ = {isa = PBXBuildFile; fileRef = 76896E6E2B973EF000FF101C /* TextIconField.swift */; };
		76896E712B973FC100FF101C /* TextInputField.swift in Sources */ = {isa = PBXBuildFile; fileRef = 76896E702B973FC100FF101C /* TextInputField.swift */; };
		76896E732B97640300FF101C /* ShippingForm.swift in Sources */ = {isa = PBXBuildFile; fileRef = 76896E722B97640300FF101C /* ShippingForm.swift */; };
		76A135582B9A65B600E1C9AB /* TaskRowView.swift in Sources */ = {isa = PBXBuildFile; fileRef = 76A135572B9A65B600E1C9AB /* TaskRowView.swift */; };
		76A135602B9A791800E1C9AB /* WidgetKit.framework in Frameworks */ = {isa = PBXBuildFile; fileRef = 76A1355F2B9A791800E1C9AB /* WidgetKit.framework */; };
		76A135622B9A791800E1C9AB /* SwiftUI.framework in Frameworks */ = {isa = PBXBuildFile; fileRef = 76A135612B9A791800E1C9AB /* SwiftUI.framework */; };
		76A135652B9A791800E1C9AB /* TaskListBundle.swift in Sources */ = {isa = PBXBuildFile; fileRef = 76A135642B9A791800E1C9AB /* TaskListBundle.swift */; };
		76A135672B9A791800E1C9AB /* TaskListLiveActivity.swift in Sources */ = {isa = PBXBuildFile; fileRef = 76A135662B9A791800E1C9AB /* TaskListLiveActivity.swift */; };
		76A135692B9A791800E1C9AB /* TaskList.swift in Sources */ = {isa = PBXBuildFile; fileRef = 76A135682B9A791800E1C9AB /* TaskList.swift */; };
		76A1356B2B9A791800E1C9AB /* AppIntent.swift in Sources */ = {isa = PBXBuildFile; fileRef = 76A1356A2B9A791800E1C9AB /* AppIntent.swift */; };
		76A1356D2B9A791900E1C9AB /* Assets.xcassets in Resources */ = {isa = PBXBuildFile; fileRef = 76A1356C2B9A791900E1C9AB /* Assets.xcassets */; };
		76A135712B9A791900E1C9AB /* TaskListExtension.appex in Embed Foundation Extensions */ = {isa = PBXBuildFile; fileRef = 76A1355D2B9A791700E1C9AB /* TaskListExtension.appex */; settings = {ATTRIBUTES = (RemoveHeadersOnCopy, ); }; };
		76A135762B9A797200E1C9AB /* Task.swift in Sources */ = {isa = PBXBuildFile; fileRef = 76896E3E2B94B7D000FF101C /* Task.swift */; };
/* End PBXBuildFile section */

/* Begin PBXContainerItemProxy section */
		76294B842B934FA0006476EC /* PBXContainerItemProxy */ = {
			isa = PBXContainerItemProxy;
			containerPortal = 76294B6B2B934F9E006476EC /* Project object */;
			proxyType = 1;
			remoteGlobalIDString = 76294B722B934F9E006476EC;
			remoteInfo = driverbuddy;
		};
		76294B8E2B934FA0006476EC /* PBXContainerItemProxy */ = {
			isa = PBXContainerItemProxy;
			containerPortal = 76294B6B2B934F9E006476EC /* Project object */;
			proxyType = 1;
			remoteGlobalIDString = 76294B722B934F9E006476EC;
			remoteInfo = driverbuddy;
		};
		76A1356F2B9A791900E1C9AB /* PBXContainerItemProxy */ = {
			isa = PBXContainerItemProxy;
			containerPortal = 76294B6B2B934F9E006476EC /* Project object */;
			proxyType = 1;
			remoteGlobalIDString = 76A1355C2B9A791700E1C9AB;
			remoteInfo = TaskListExtension;
		};
/* End PBXContainerItemProxy section */

/* Begin PBXCopyFilesBuildPhase section */
		76A135752B9A791900E1C9AB /* Embed Foundation Extensions */ = {
			isa = PBXCopyFilesBuildPhase;
			buildActionMask = 2147483647;
			dstPath = "";
			dstSubfolderSpec = 13;
			files = (
				76A135712B9A791900E1C9AB /* TaskListExtension.appex in Embed Foundation Extensions */,
			);
			name = "Embed Foundation Extensions";
			runOnlyForDeploymentPostprocessing = 0;
		};
/* End PBXCopyFilesBuildPhase section */

/* Begin PBXFileReference section */
		762102E22B9910D40090982A /* TaskListView.swift */ = {isa = PBXFileReference; lastKnownFileType = sourcecode.swift; path = TaskListView.swift; sourceTree = "<group>"; };
		762102E42B9917260090982A /* CompletedTaskList.swift */ = {isa = PBXFileReference; lastKnownFileType = sourcecode.swift; path = CompletedTaskList.swift; sourceTree = "<group>"; };
		76294B732B934F9E006476EC /* driverbuddy.app */ = {isa = PBXFileReference; explicitFileType = wrapper.application; includeInIndex = 0; path = driverbuddy.app; sourceTree = BUILT_PRODUCTS_DIR; };
		76294B762B934F9E006476EC /* driverbuddyApp.swift */ = {isa = PBXFileReference; lastKnownFileType = sourcecode.swift; path = driverbuddyApp.swift; sourceTree = "<group>"; };
		76294B782B934F9E006476EC /* ContentView.swift */ = {isa = PBXFileReference; lastKnownFileType = sourcecode.swift; path = ContentView.swift; sourceTree = "<group>"; };
		76294B7A2B934FA0006476EC /* Assets.xcassets */ = {isa = PBXFileReference; lastKnownFileType = folder.assetcatalog; path = Assets.xcassets; sourceTree = "<group>"; };
		76294B7D2B934FA0006476EC /* Preview Assets.xcassets */ = {isa = PBXFileReference; lastKnownFileType = folder.assetcatalog; path = "Preview Assets.xcassets"; sourceTree = "<group>"; };
		76294B832B934FA0006476EC /* driverbuddyTests.xctest */ = {isa = PBXFileReference; explicitFileType = wrapper.cfbundle; includeInIndex = 0; path = driverbuddyTests.xctest; sourceTree = BUILT_PRODUCTS_DIR; };
		76294B872B934FA0006476EC /* driverbuddyTests.swift */ = {isa = PBXFileReference; lastKnownFileType = sourcecode.swift; path = driverbuddyTests.swift; sourceTree = "<group>"; };
		76294B8D2B934FA0006476EC /* driverbuddyUITests.xctest */ = {isa = PBXFileReference; explicitFileType = wrapper.cfbundle; includeInIndex = 0; path = driverbuddyUITests.xctest; sourceTree = BUILT_PRODUCTS_DIR; };
		76294B912B934FA0006476EC /* driverbuddyUITests.swift */ = {isa = PBXFileReference; lastKnownFileType = sourcecode.swift; path = driverbuddyUITests.swift; sourceTree = "<group>"; };
		76294B932B934FA0006476EC /* driverbuddyUITestsLaunchTests.swift */ = {isa = PBXFileReference; lastKnownFileType = sourcecode.swift; path = driverbuddyUITestsLaunchTests.swift; sourceTree = "<group>"; };
		76294BA02B93B9AB006476EC /* Tab.swift */ = {isa = PBXFileReference; lastKnownFileType = sourcecode.swift; path = Tab.swift; sourceTree = "<group>"; };
		76294BA42B93C2B9006476EC /* BottomHelper.swift */ = {isa = PBXFileReference; lastKnownFileType = sourcecode.swift; path = BottomHelper.swift; sourceTree = "<group>"; };
		76524D162BA593DF0030A698 /* SplitNavContentView.swift */ = {isa = PBXFileReference; lastKnownFileType = sourcecode.swift; path = SplitNavContentView.swift; sourceTree = "<group>"; };
		76524D182BA594FD0030A698 /* ApplicationSidebarView.swift */ = {isa = PBXFileReference; lastKnownFileType = sourcecode.swift; path = ApplicationSidebarView.swift; sourceTree = "<group>"; };
		76896E3E2B94B7D000FF101C /* Task.swift */ = {isa = PBXFileReference; lastKnownFileType = sourcecode.swift; path = Task.swift; sourceTree = "<group>"; };
		76896E402B94C7B700FF101C /* Vehicle.swift */ = {isa = PBXFileReference; lastKnownFileType = sourcecode.swift; path = Vehicle.swift; sourceTree = "<group>"; };
		76896E422B94DA5200FF101C /* Event.swift */ = {isa = PBXFileReference; lastKnownFileType = sourcecode.swift; path = Event.swift; sourceTree = "<group>"; };
		76896E442B94DB9F00FF101C /* Odometer.swift */ = {isa = PBXFileReference; lastKnownFileType = sourcecode.swift; path = Odometer.swift; sourceTree = "<group>"; };
		76896E462B94DC7100FF101C /* FuelUp.swift */ = {isa = PBXFileReference; lastKnownFileType = sourcecode.swift; path = FuelUp.swift; sourceTree = "<group>"; };
		76896E482B94DD8000FF101C /* EventElement.swift */ = {isa = PBXFileReference; lastKnownFileType = sourcecode.swift; path = EventElement.swift; sourceTree = "<group>"; };
		76896E4A2B94DE0000FF101C /* Item.swift */ = {isa = PBXFileReference; lastKnownFileType = sourcecode.swift; path = Item.swift; sourceTree = "<group>"; };
		76896E4C2B94F0B400FF101C /* CarMake.swift */ = {isa = PBXFileReference; lastKnownFileType = sourcecode.swift; path = CarMake.swift; sourceTree = "<group>"; };
		76896E4E2B94F0D200FF101C /* CarModel.swift */ = {isa = PBXFileReference; lastKnownFileType = sourcecode.swift; path = CarModel.swift; sourceTree = "<group>"; };
		76896E502B94F0EB00FF101C /* CarSerie.swift */ = {isa = PBXFileReference; lastKnownFileType = sourcecode.swift; path = CarSerie.swift; sourceTree = "<group>"; };
		76896E522B94F0FA00FF101C /* CarGeneration.swift */ = {isa = PBXFileReference; lastKnownFileType = sourcecode.swift; path = CarGeneration.swift; sourceTree = "<group>"; };
		76896E542B94F10C00FF101C /* CarTrim.swift */ = {isa = PBXFileReference; lastKnownFileType = sourcecode.swift; path = CarTrim.swift; sourceTree = "<group>"; };
		76896E562B9511B800FF101C /* ImportDataTests.swift */ = {isa = PBXFileReference; lastKnownFileType = sourcecode.swift; path = ImportDataTests.swift; sourceTree = "<group>"; };
		76896E5C2B952B6900FF101C /* CarMakeListView.swift */ = {isa = PBXFileReference; lastKnownFileType = sourcecode.swift; path = CarMakeListView.swift; sourceTree = "<group>"; };
		76896E5E2B952C1600FF101C /* CarModelListView.swift */ = {isa = PBXFileReference; lastKnownFileType = sourcecode.swift; path = CarModelListView.swift; sourceTree = "<group>"; };
		76896E612B952F6A00FF101C /* WebService.swift */ = {isa = PBXFileReference; lastKnownFileType = sourcecode.swift; path = WebService.swift; sourceTree = "<group>"; };
		76896E632B959DEF00FF101C /* HTTPClient.swift */ = {isa = PBXFileReference; lastKnownFileType = sourcecode.swift; path = HTTPClient.swift; sourceTree = "<group>"; };
		76896E652B95BF4400FF101C /* VehicleListView.swift */ = {isa = PBXFileReference; lastKnownFileType = sourcecode.swift; path = VehicleListView.swift; sourceTree = "<group>"; };
		76896E682B95D31100FF101C /* VehicleCellView.swift */ = {isa = PBXFileReference; lastKnownFileType = sourcecode.swift; path = VehicleCellView.swift; sourceTree = "<group>"; };
		76896E6A2B95D4A100FF101C /* VehicleDetailView.swift */ = {isa = PBXFileReference; lastKnownFileType = sourcecode.swift; path = VehicleDetailView.swift; sourceTree = "<group>"; };
		76896E6C2B96065100FF101C /* EventView.swift */ = {isa = PBXFileReference; lastKnownFileType = sourcecode.swift; path = EventView.swift; sourceTree = "<group>"; };
		76896E6E2B973EF000FF101C /* TextIconField.swift */ = {isa = PBXFileReference; lastKnownFileType = sourcecode.swift; path = TextIconField.swift; sourceTree = "<group>"; };
		76896E702B973FC100FF101C /* TextInputField.swift */ = {isa = PBXFileReference; lastKnownFileType = sourcecode.swift; path = TextInputField.swift; sourceTree = "<group>"; };
		76896E722B97640300FF101C /* ShippingForm.swift */ = {isa = PBXFileReference; lastKnownFileType = sourcecode.swift; path = ShippingForm.swift; sourceTree = "<group>"; };
		76A135572B9A65B600E1C9AB /* TaskRowView.swift */ = {isa = PBXFileReference; lastKnownFileType = sourcecode.swift; path = TaskRowView.swift; sourceTree = "<group>"; };
		76A1355D2B9A791700E1C9AB /* TaskListExtension.appex */ = {isa = PBXFileReference; explicitFileType = "wrapper.app-extension"; includeInIndex = 0; path = TaskListExtension.appex; sourceTree = BUILT_PRODUCTS_DIR; };
		76A1355F2B9A791800E1C9AB /* WidgetKit.framework */ = {isa = PBXFileReference; lastKnownFileType = wrapper.framework; name = WidgetKit.framework; path = System/Library/Frameworks/WidgetKit.framework; sourceTree = SDKROOT; };
		76A135612B9A791800E1C9AB /* SwiftUI.framework */ = {isa = PBXFileReference; lastKnownFileType = wrapper.framework; name = SwiftUI.framework; path = System/Library/Frameworks/SwiftUI.framework; sourceTree = SDKROOT; };
		76A135642B9A791800E1C9AB /* TaskListBundle.swift */ = {isa = PBXFileReference; lastKnownFileType = sourcecode.swift; path = TaskListBundle.swift; sourceTree = "<group>"; };
		76A135662B9A791800E1C9AB /* TaskListLiveActivity.swift */ = {isa = PBXFileReference; lastKnownFileType = sourcecode.swift; path = TaskListLiveActivity.swift; sourceTree = "<group>"; };
		76A135682B9A791800E1C9AB /* TaskList.swift */ = {isa = PBXFileReference; lastKnownFileType = sourcecode.swift; path = TaskList.swift; sourceTree = "<group>"; };
		76A1356A2B9A791800E1C9AB /* AppIntent.swift */ = {isa = PBXFileReference; lastKnownFileType = sourcecode.swift; path = AppIntent.swift; sourceTree = "<group>"; };
		76A1356C2B9A791900E1C9AB /* Assets.xcassets */ = {isa = PBXFileReference; lastKnownFileType = folder.assetcatalog; path = Assets.xcassets; sourceTree = "<group>"; };
		76A1356E2B9A791900E1C9AB /* Info.plist */ = {isa = PBXFileReference; lastKnownFileType = text.plist.xml; path = Info.plist; sourceTree = "<group>"; };
		76A135772B9A7D6700E1C9AB /* driverbuddy.entitlements */ = {isa = PBXFileReference; lastKnownFileType = text.plist.entitlements; path = driverbuddy.entitlements; sourceTree = "<group>"; };
/* End PBXFileReference section */

/* Begin PBXFrameworksBuildPhase section */
		76294B702B934F9E006476EC /* Frameworks */ = {
			isa = PBXFrameworksBuildPhase;
			buildActionMask = 2147483647;
			files = (
				76896E5A2B9523D300FF101C /* SwiftCSV in Frameworks */,
			);
			runOnlyForDeploymentPostprocessing = 0;
		};
		76294B802B934FA0006476EC /* Frameworks */ = {
			isa = PBXFrameworksBuildPhase;
			buildActionMask = 2147483647;
			files = (
			);
			runOnlyForDeploymentPostprocessing = 0;
		};
		76294B8A2B934FA0006476EC /* Frameworks */ = {
			isa = PBXFrameworksBuildPhase;
			buildActionMask = 2147483647;
			files = (
			);
			runOnlyForDeploymentPostprocessing = 0;
		};
		76A1355A2B9A791700E1C9AB /* Frameworks */ = {
			isa = PBXFrameworksBuildPhase;
			buildActionMask = 2147483647;
			files = (
				76A135622B9A791800E1C9AB /* SwiftUI.framework in Frameworks */,
				76A135602B9A791800E1C9AB /* WidgetKit.framework in Frameworks */,
			);
			runOnlyForDeploymentPostprocessing = 0;
		};
/* End PBXFrameworksBuildPhase section */

/* Begin PBXGroup section */
		76294B6A2B934F9E006476EC = {
			isa = PBXGroup;
			children = (
				76294B752B934F9E006476EC /* driverbuddy */,
				76294B862B934FA0006476EC /* driverbuddyTests */,
				76294B902B934FA0006476EC /* driverbuddyUITests */,
				76A135632B9A791800E1C9AB /* TaskList */,
				76A1355E2B9A791800E1C9AB /* Frameworks */,
				76294B742B934F9E006476EC /* Products */,
			);
			sourceTree = "<group>";
		};
		76294B742B934F9E006476EC /* Products */ = {
			isa = PBXGroup;
			children = (
				76294B732B934F9E006476EC /* driverbuddy.app */,
				76294B832B934FA0006476EC /* driverbuddyTests.xctest */,
				76294B8D2B934FA0006476EC /* driverbuddyUITests.xctest */,
				76A1355D2B9A791700E1C9AB /* TaskListExtension.appex */,
			);
			name = Products;
			sourceTree = "<group>";
		};
		76294B752B934F9E006476EC /* driverbuddy */ = {
			isa = PBXGroup;
			children = (
				76A135772B9A7D6700E1C9AB /* driverbuddy.entitlements */,
				76896E742B97BCDF00FF101C /* Tests */,
				76896E672B95D2EF00FF101C /* Views */,
				76896E602B952F4100FF101C /* Network */,
				76896E5B2B952B5200FF101C /* Screens */,
				76294BA32B93BAE5006476EC /* Helpers */,
				76294BA22B93BADB006476EC /* Model */,
				76294B762B934F9E006476EC /* driverbuddyApp.swift */,
				76294B7A2B934FA0006476EC /* Assets.xcassets */,
				76294B7C2B934FA0006476EC /* Preview Content */,
			);
			path = driverbuddy;
			sourceTree = "<group>";
		};
		76294B7C2B934FA0006476EC /* Preview Content */ = {
			isa = PBXGroup;
			children = (
				76294B7D2B934FA0006476EC /* Preview Assets.xcassets */,
			);
			path = "Preview Content";
			sourceTree = "<group>";
		};
		76294B862B934FA0006476EC /* driverbuddyTests */ = {
			isa = PBXGroup;
			children = (
				76896E562B9511B800FF101C /* ImportDataTests.swift */,
				76294B872B934FA0006476EC /* driverbuddyTests.swift */,
			);
			path = driverbuddyTests;
			sourceTree = "<group>";
		};
		76294B902B934FA0006476EC /* driverbuddyUITests */ = {
			isa = PBXGroup;
			children = (
				76294B912B934FA0006476EC /* driverbuddyUITests.swift */,
				76294B932B934FA0006476EC /* driverbuddyUITestsLaunchTests.swift */,
			);
			path = driverbuddyUITests;
			sourceTree = "<group>";
		};
		76294BA22B93BADB006476EC /* Model */ = {
			isa = PBXGroup;
			children = (
				76294BA02B93B9AB006476EC /* Tab.swift */,
				76896E3E2B94B7D000FF101C /* Task.swift */,
				76896E402B94C7B700FF101C /* Vehicle.swift */,
				76896E422B94DA5200FF101C /* Event.swift */,
				76896E442B94DB9F00FF101C /* Odometer.swift */,
				76896E462B94DC7100FF101C /* FuelUp.swift */,
				76896E482B94DD8000FF101C /* EventElement.swift */,
				76896E4A2B94DE0000FF101C /* Item.swift */,
				76896E4C2B94F0B400FF101C /* CarMake.swift */,
				76896E4E2B94F0D200FF101C /* CarModel.swift */,
				76896E502B94F0EB00FF101C /* CarSerie.swift */,
				76896E522B94F0FA00FF101C /* CarGeneration.swift */,
				76896E542B94F10C00FF101C /* CarTrim.swift */,
			);
			path = Model;
			sourceTree = "<group>";
		};
		76294BA32B93BAE5006476EC /* Helpers */ = {
			isa = PBXGroup;
			children = (
				76294BA42B93C2B9006476EC /* BottomHelper.swift */,
			);
			path = Helpers;
			sourceTree = "<group>";
		};
		76896E5B2B952B5200FF101C /* Screens */ = {
			isa = PBXGroup;
			children = (
				76896E5C2B952B6900FF101C /* CarMakeListView.swift */,
				76896E5E2B952C1600FF101C /* CarModelListView.swift */,
				76896E652B95BF4400FF101C /* VehicleListView.swift */,
				76896E6A2B95D4A100FF101C /* VehicleDetailView.swift */,
				762102E22B9910D40090982A /* TaskListView.swift */,
			);
			path = Screens;
			sourceTree = "<group>";
		};
		76896E602B952F4100FF101C /* Network */ = {
			isa = PBXGroup;
			children = (
				76896E612B952F6A00FF101C /* WebService.swift */,
				76896E632B959DEF00FF101C /* HTTPClient.swift */,
			);
			path = Network;
			sourceTree = "<group>";
		};
		76896E672B95D2EF00FF101C /* Views */ = {
			isa = PBXGroup;
			children = (
				76896E682B95D31100FF101C /* VehicleCellView.swift */,
				76294B782B934F9E006476EC /* ContentView.swift */,
				76896E6C2B96065100FF101C /* EventView.swift */,
				76896E6E2B973EF000FF101C /* TextIconField.swift */,
				76896E702B973FC100FF101C /* TextInputField.swift */,
				762102E42B9917260090982A /* CompletedTaskList.swift */,
				76A135572B9A65B600E1C9AB /* TaskRowView.swift */,
				76524D162BA593DF0030A698 /* SplitNavContentView.swift */,
				76524D182BA594FD0030A698 /* ApplicationSidebarView.swift */,
			);
			path = Views;
			sourceTree = "<group>";
		};
		76896E742B97BCDF00FF101C /* Tests */ = {
			isa = PBXGroup;
			children = (
				76896E722B97640300FF101C /* ShippingForm.swift */,
			);
			path = Tests;
			sourceTree = "<group>";
		};
		76A1355E2B9A791800E1C9AB /* Frameworks */ = {
			isa = PBXGroup;
			children = (
				76A1355F2B9A791800E1C9AB /* WidgetKit.framework */,
				76A135612B9A791800E1C9AB /* SwiftUI.framework */,
			);
			name = Frameworks;
			sourceTree = "<group>";
		};
		76A135632B9A791800E1C9AB /* TaskList */ = {
			isa = PBXGroup;
			children = (
				76A135642B9A791800E1C9AB /* TaskListBundle.swift */,
				76A135662B9A791800E1C9AB /* TaskListLiveActivity.swift */,
				76A135682B9A791800E1C9AB /* TaskList.swift */,
				76A1356A2B9A791800E1C9AB /* AppIntent.swift */,
				76A1356C2B9A791900E1C9AB /* Assets.xcassets */,
				76A1356E2B9A791900E1C9AB /* Info.plist */,
			);
			path = TaskList;
			sourceTree = "<group>";
		};
/* End PBXGroup section */

/* Begin PBXNativeTarget section */
		76294B722B934F9E006476EC /* driverbuddy */ = {
			isa = PBXNativeTarget;
			buildConfigurationList = 76294B972B934FA0006476EC /* Build configuration list for PBXNativeTarget "driverbuddy" */;
			buildPhases = (
				76294B6F2B934F9E006476EC /* Sources */,
				76294B702B934F9E006476EC /* Frameworks */,
				76294B712B934F9E006476EC /* Resources */,
				76A135752B9A791900E1C9AB /* Embed Foundation Extensions */,
			);
			buildRules = (
			);
			dependencies = (
				76A135702B9A791900E1C9AB /* PBXTargetDependency */,
			);
			name = driverbuddy;
			packageProductDependencies = (
				76896E592B9523D300FF101C /* SwiftCSV */,
			);
			productName = driverbuddy;
			productReference = 76294B732B934F9E006476EC /* driverbuddy.app */;
			productType = "com.apple.product-type.application";
		};
		76294B822B934FA0006476EC /* driverbuddyTests */ = {
			isa = PBXNativeTarget;
			buildConfigurationList = 76294B9A2B934FA0006476EC /* Build configuration list for PBXNativeTarget "driverbuddyTests" */;
			buildPhases = (
				76294B7F2B934FA0006476EC /* Sources */,
				76294B802B934FA0006476EC /* Frameworks */,
				76294B812B934FA0006476EC /* Resources */,
			);
			buildRules = (
			);
			dependencies = (
				76294B852B934FA0006476EC /* PBXTargetDependency */,
			);
			name = driverbuddyTests;
			productName = driverbuddyTests;
			productReference = 76294B832B934FA0006476EC /* driverbuddyTests.xctest */;
			productType = "com.apple.product-type.bundle.unit-test";
		};
		76294B8C2B934FA0006476EC /* driverbuddyUITests */ = {
			isa = PBXNativeTarget;
			buildConfigurationList = 76294B9D2B934FA0006476EC /* Build configuration list for PBXNativeTarget "driverbuddyUITests" */;
			buildPhases = (
				76294B892B934FA0006476EC /* Sources */,
				76294B8A2B934FA0006476EC /* Frameworks */,
				76294B8B2B934FA0006476EC /* Resources */,
			);
			buildRules = (
			);
			dependencies = (
				76294B8F2B934FA0006476EC /* PBXTargetDependency */,
			);
			name = driverbuddyUITests;
			productName = driverbuddyUITests;
			productReference = 76294B8D2B934FA0006476EC /* driverbuddyUITests.xctest */;
			productType = "com.apple.product-type.bundle.ui-testing";
		};
		76A1355C2B9A791700E1C9AB /* TaskListExtension */ = {
			isa = PBXNativeTarget;
			buildConfigurationList = 76A135722B9A791900E1C9AB /* Build configuration list for PBXNativeTarget "TaskListExtension" */;
			buildPhases = (
				76A135592B9A791700E1C9AB /* Sources */,
				76A1355A2B9A791700E1C9AB /* Frameworks */,
				76A1355B2B9A791700E1C9AB /* Resources */,
			);
			buildRules = (
			);
			dependencies = (
			);
			name = TaskListExtension;
			productName = TaskListExtension;
			productReference = 76A1355D2B9A791700E1C9AB /* TaskListExtension.appex */;
			productType = "com.apple.product-type.app-extension";
		};
/* End PBXNativeTarget section */

/* Begin PBXProject section */
		76294B6B2B934F9E006476EC /* Project object */ = {
			isa = PBXProject;
			attributes = {
				BuildIndependentTargetsInParallel = 1;
				LastSwiftUpdateCheck = 1530;
				LastUpgradeCheck = 1520;
				TargetAttributes = {
					76294B722B934F9E006476EC = {
						CreatedOnToolsVersion = 15.2;
					};
					76294B822B934FA0006476EC = {
						CreatedOnToolsVersion = 15.2;
						TestTargetID = 76294B722B934F9E006476EC;
					};
					76294B8C2B934FA0006476EC = {
						CreatedOnToolsVersion = 15.2;
						TestTargetID = 76294B722B934F9E006476EC;
					};
					76A1355C2B9A791700E1C9AB = {
						CreatedOnToolsVersion = 15.3;
					};
				};
			};
			buildConfigurationList = 76294B6E2B934F9E006476EC /* Build configuration list for PBXProject "driverbuddy" */;
			compatibilityVersion = "Xcode 14.0";
			developmentRegion = en;
			hasScannedForEncodings = 0;
			knownRegions = (
				en,
				Base,
			);
			mainGroup = 76294B6A2B934F9E006476EC;
			packageReferences = (
				76896E582B9523D300FF101C /* XCRemoteSwiftPackageReference "SwiftCSV" */,
			);
			productRefGroup = 76294B742B934F9E006476EC /* Products */;
			projectDirPath = "";
			projectRoot = "";
			targets = (
				76294B722B934F9E006476EC /* driverbuddy */,
				76294B822B934FA0006476EC /* driverbuddyTests */,
				76294B8C2B934FA0006476EC /* driverbuddyUITests */,
				76A1355C2B9A791700E1C9AB /* TaskListExtension */,
			);
		};
/* End PBXProject section */

/* Begin PBXResourcesBuildPhase section */
		76294B712B934F9E006476EC /* Resources */ = {
			isa = PBXResourcesBuildPhase;
			buildActionMask = 2147483647;
			files = (
				76294B7E2B934FA0006476EC /* Preview Assets.xcassets in Resources */,
				76294B7B2B934FA0006476EC /* Assets.xcassets in Resources */,
			);
			runOnlyForDeploymentPostprocessing = 0;
		};
		76294B812B934FA0006476EC /* Resources */ = {
			isa = PBXResourcesBuildPhase;
			buildActionMask = 2147483647;
			files = (
			);
			runOnlyForDeploymentPostprocessing = 0;
		};
		76294B8B2B934FA0006476EC /* Resources */ = {
			isa = PBXResourcesBuildPhase;
			buildActionMask = 2147483647;
			files = (
			);
			runOnlyForDeploymentPostprocessing = 0;
		};
		76A1355B2B9A791700E1C9AB /* Resources */ = {
			isa = PBXResourcesBuildPhase;
			buildActionMask = 2147483647;
			files = (
				76A1356D2B9A791900E1C9AB /* Assets.xcassets in Resources */,
			);
			runOnlyForDeploymentPostprocessing = 0;
		};
/* End PBXResourcesBuildPhase section */

/* Begin PBXSourcesBuildPhase section */
		76294B6F2B934F9E006476EC /* Sources */ = {
			isa = PBXSourcesBuildPhase;
			buildActionMask = 2147483647;
			files = (
				76524D192BA594FD0030A698 /* ApplicationSidebarView.swift in Sources */,
				76896E472B94DC7100FF101C /* FuelUp.swift in Sources */,
				76896E452B94DB9F00FF101C /* Odometer.swift in Sources */,
				76896E5D2B952B6900FF101C /* CarMakeListView.swift in Sources */,
				76896E5F2B952C1600FF101C /* CarModelListView.swift in Sources */,
				76896E412B94C7B700FF101C /* Vehicle.swift in Sources */,
				76896E642B959DEF00FF101C /* HTTPClient.swift in Sources */,
				76896E512B94F0EB00FF101C /* CarSerie.swift in Sources */,
				762102E32B9910D50090982A /* TaskListView.swift in Sources */,
				76294BA12B93B9AB006476EC /* Tab.swift in Sources */,
				76896E532B94F0FA00FF101C /* CarGeneration.swift in Sources */,
				76A135582B9A65B600E1C9AB /* TaskRowView.swift in Sources */,
				76294B792B934F9E006476EC /* ContentView.swift in Sources */,
				76896E712B973FC100FF101C /* TextInputField.swift in Sources */,
				76896E732B97640300FF101C /* ShippingForm.swift in Sources */,
				76896E3F2B94B7D000FF101C /* Task.swift in Sources */,
				762102E52B9917260090982A /* CompletedTaskList.swift in Sources */,
				76524D172BA593DF0030A698 /* SplitNavContentView.swift in Sources */,
				76896E692B95D31100FF101C /* VehicleCellView.swift in Sources */,
				76896E4B2B94DE0000FF101C /* Item.swift in Sources */,
				76896E622B952F6A00FF101C /* WebService.swift in Sources */,
				76294BA52B93C2B9006476EC /* BottomHelper.swift in Sources */,
				76896E6D2B96065100FF101C /* EventView.swift in Sources */,
				76896E6B2B95D4A100FF101C /* VehicleDetailView.swift in Sources */,
				76896E552B94F10C00FF101C /* CarTrim.swift in Sources */,
				76896E4D2B94F0B400FF101C /* CarMake.swift in Sources */,
				76896E6F2B973EF000FF101C /* TextIconField.swift in Sources */,
				76896E492B94DD8000FF101C /* EventElement.swift in Sources */,
				76896E662B95BF4400FF101C /* VehicleListView.swift in Sources */,
				76896E4F2B94F0D200FF101C /* CarModel.swift in Sources */,
				76896E432B94DA5200FF101C /* Event.swift in Sources */,
				76294B772B934F9E006476EC /* driverbuddyApp.swift in Sources */,
			);
			runOnlyForDeploymentPostprocessing = 0;
		};
		76294B7F2B934FA0006476EC /* Sources */ = {
			isa = PBXSourcesBuildPhase;
			buildActionMask = 2147483647;
			files = (
				76896E572B9511B800FF101C /* ImportDataTests.swift in Sources */,
				76294B882B934FA0006476EC /* driverbuddyTests.swift in Sources */,
			);
			runOnlyForDeploymentPostprocessing = 0;
		};
		76294B892B934FA0006476EC /* Sources */ = {
			isa = PBXSourcesBuildPhase;
			buildActionMask = 2147483647;
			files = (
				76294B922B934FA0006476EC /* driverbuddyUITests.swift in Sources */,
				76294B942B934FA0006476EC /* driverbuddyUITestsLaunchTests.swift in Sources */,
			);
			runOnlyForDeploymentPostprocessing = 0;
		};
		76A135592B9A791700E1C9AB /* Sources */ = {
			isa = PBXSourcesBuildPhase;
			buildActionMask = 2147483647;
			files = (
				76A135692B9A791800E1C9AB /* TaskList.swift in Sources */,
				76A1356B2B9A791800E1C9AB /* AppIntent.swift in Sources */,
				76A135762B9A797200E1C9AB /* Task.swift in Sources */,
				76A135652B9A791800E1C9AB /* TaskListBundle.swift in Sources */,
				76A135672B9A791800E1C9AB /* TaskListLiveActivity.swift in Sources */,
			);
			runOnlyForDeploymentPostprocessing = 0;
		};
/* End PBXSourcesBuildPhase section */

/* Begin PBXTargetDependency section */
		76294B852B934FA0006476EC /* PBXTargetDependency */ = {
			isa = PBXTargetDependency;
			target = 76294B722B934F9E006476EC /* driverbuddy */;
			targetProxy = 76294B842B934FA0006476EC /* PBXContainerItemProxy */;
		};
		76294B8F2B934FA0006476EC /* PBXTargetDependency */ = {
			isa = PBXTargetDependency;
			target = 76294B722B934F9E006476EC /* driverbuddy */;
			targetProxy = 76294B8E2B934FA0006476EC /* PBXContainerItemProxy */;
		};
		76A135702B9A791900E1C9AB /* PBXTargetDependency */ = {
			isa = PBXTargetDependency;
			target = 76A1355C2B9A791700E1C9AB /* TaskListExtension */;
			targetProxy = 76A1356F2B9A791900E1C9AB /* PBXContainerItemProxy */;
		};
/* End PBXTargetDependency section */

/* Begin XCBuildConfiguration section */
		76294B952B934FA0006476EC /* Debug */ = {
			isa = XCBuildConfiguration;
			buildSettings = {
				ALWAYS_SEARCH_USER_PATHS = NO;
				ASSETCATALOG_COMPILER_GENERATE_SWIFT_ASSET_SYMBOL_EXTENSIONS = YES;
				CLANG_ANALYZER_NONNULL = YES;
				CLANG_ANALYZER_NUMBER_OBJECT_CONVERSION = YES_AGGRESSIVE;
				CLANG_CXX_LANGUAGE_STANDARD = "gnu++20";
				CLANG_ENABLE_MODULES = YES;
				CLANG_ENABLE_OBJC_ARC = YES;
				CLANG_ENABLE_OBJC_WEAK = YES;
				CLANG_WARN_BLOCK_CAPTURE_AUTORELEASING = YES;
				CLANG_WARN_BOOL_CONVERSION = YES;
				CLANG_WARN_COMMA = YES;
				CLANG_WARN_CONSTANT_CONVERSION = YES;
				CLANG_WARN_DEPRECATED_OBJC_IMPLEMENTATIONS = YES;
				CLANG_WARN_DIRECT_OBJC_ISA_USAGE = YES_ERROR;
				CLANG_WARN_DOCUMENTATION_COMMENTS = YES;
				CLANG_WARN_EMPTY_BODY = YES;
				CLANG_WARN_ENUM_CONVERSION = YES;
				CLANG_WARN_INFINITE_RECURSION = YES;
				CLANG_WARN_INT_CONVERSION = YES;
				CLANG_WARN_NON_LITERAL_NULL_CONVERSION = YES;
				CLANG_WARN_OBJC_IMPLICIT_RETAIN_SELF = YES;
				CLANG_WARN_OBJC_LITERAL_CONVERSION = YES;
				CLANG_WARN_OBJC_ROOT_CLASS = YES_ERROR;
				CLANG_WARN_QUOTED_INCLUDE_IN_FRAMEWORK_HEADER = YES;
				CLANG_WARN_RANGE_LOOP_ANALYSIS = YES;
				CLANG_WARN_STRICT_PROTOTYPES = YES;
				CLANG_WARN_SUSPICIOUS_MOVE = YES;
				CLANG_WARN_UNGUARDED_AVAILABILITY = YES_AGGRESSIVE;
				CLANG_WARN_UNREACHABLE_CODE = YES;
				CLANG_WARN__DUPLICATE_METHOD_MATCH = YES;
				COPY_PHASE_STRIP = NO;
				DEBUG_INFORMATION_FORMAT = dwarf;
				ENABLE_STRICT_OBJC_MSGSEND = YES;
				ENABLE_TESTABILITY = YES;
				ENABLE_USER_SCRIPT_SANDBOXING = YES;
				GCC_C_LANGUAGE_STANDARD = gnu17;
				GCC_DYNAMIC_NO_PIC = NO;
				GCC_NO_COMMON_BLOCKS = YES;
				GCC_OPTIMIZATION_LEVEL = 0;
				GCC_PREPROCESSOR_DEFINITIONS = (
					"DEBUG=1",
					"$(inherited)",
				);
				GCC_WARN_64_TO_32_BIT_CONVERSION = YES;
				GCC_WARN_ABOUT_RETURN_TYPE = YES_ERROR;
				GCC_WARN_UNDECLARED_SELECTOR = YES;
				GCC_WARN_UNINITIALIZED_AUTOS = YES_AGGRESSIVE;
				GCC_WARN_UNUSED_FUNCTION = YES;
				GCC_WARN_UNUSED_VARIABLE = YES;
				IPHONEOS_DEPLOYMENT_TARGET = 17.2;
				LOCALIZATION_PREFERS_STRING_CATALOGS = YES;
				MTL_ENABLE_DEBUG_INFO = INCLUDE_SOURCE;
				MTL_FAST_MATH = YES;
				ONLY_ACTIVE_ARCH = YES;
				SDKROOT = iphoneos;
				SWIFT_ACTIVE_COMPILATION_CONDITIONS = "DEBUG $(inherited)";
				SWIFT_OPTIMIZATION_LEVEL = "-Onone";
			};
			name = Debug;
		};
		76294B962B934FA0006476EC /* Release */ = {
			isa = XCBuildConfiguration;
			buildSettings = {
				ALWAYS_SEARCH_USER_PATHS = NO;
				ASSETCATALOG_COMPILER_GENERATE_SWIFT_ASSET_SYMBOL_EXTENSIONS = YES;
				CLANG_ANALYZER_NONNULL = YES;
				CLANG_ANALYZER_NUMBER_OBJECT_CONVERSION = YES_AGGRESSIVE;
				CLANG_CXX_LANGUAGE_STANDARD = "gnu++20";
				CLANG_ENABLE_MODULES = YES;
				CLANG_ENABLE_OBJC_ARC = YES;
				CLANG_ENABLE_OBJC_WEAK = YES;
				CLANG_WARN_BLOCK_CAPTURE_AUTORELEASING = YES;
				CLANG_WARN_BOOL_CONVERSION = YES;
				CLANG_WARN_COMMA = YES;
				CLANG_WARN_CONSTANT_CONVERSION = YES;
				CLANG_WARN_DEPRECATED_OBJC_IMPLEMENTATIONS = YES;
				CLANG_WARN_DIRECT_OBJC_ISA_USAGE = YES_ERROR;
				CLANG_WARN_DOCUMENTATION_COMMENTS = YES;
				CLANG_WARN_EMPTY_BODY = YES;
				CLANG_WARN_ENUM_CONVERSION = YES;
				CLANG_WARN_INFINITE_RECURSION = YES;
				CLANG_WARN_INT_CONVERSION = YES;
				CLANG_WARN_NON_LITERAL_NULL_CONVERSION = YES;
				CLANG_WARN_OBJC_IMPLICIT_RETAIN_SELF = YES;
				CLANG_WARN_OBJC_LITERAL_CONVERSION = YES;
				CLANG_WARN_OBJC_ROOT_CLASS = YES_ERROR;
				CLANG_WARN_QUOTED_INCLUDE_IN_FRAMEWORK_HEADER = YES;
				CLANG_WARN_RANGE_LOOP_ANALYSIS = YES;
				CLANG_WARN_STRICT_PROTOTYPES = YES;
				CLANG_WARN_SUSPICIOUS_MOVE = YES;
				CLANG_WARN_UNGUARDED_AVAILABILITY = YES_AGGRESSIVE;
				CLANG_WARN_UNREACHABLE_CODE = YES;
				CLANG_WARN__DUPLICATE_METHOD_MATCH = YES;
				COPY_PHASE_STRIP = NO;
				DEBUG_INFORMATION_FORMAT = "dwarf-with-dsym";
				ENABLE_NS_ASSERTIONS = NO;
				ENABLE_STRICT_OBJC_MSGSEND = YES;
				ENABLE_USER_SCRIPT_SANDBOXING = YES;
				GCC_C_LANGUAGE_STANDARD = gnu17;
				GCC_NO_COMMON_BLOCKS = YES;
				GCC_WARN_64_TO_32_BIT_CONVERSION = YES;
				GCC_WARN_ABOUT_RETURN_TYPE = YES_ERROR;
				GCC_WARN_UNDECLARED_SELECTOR = YES;
				GCC_WARN_UNINITIALIZED_AUTOS = YES_AGGRESSIVE;
				GCC_WARN_UNUSED_FUNCTION = YES;
				GCC_WARN_UNUSED_VARIABLE = YES;
				IPHONEOS_DEPLOYMENT_TARGET = 17.2;
				LOCALIZATION_PREFERS_STRING_CATALOGS = YES;
				MTL_ENABLE_DEBUG_INFO = NO;
				MTL_FAST_MATH = YES;
				SDKROOT = iphoneos;
				SWIFT_COMPILATION_MODE = wholemodule;
				VALIDATE_PRODUCT = YES;
			};
			name = Release;
		};
		76294B982B934FA0006476EC /* Debug */ = {
			isa = XCBuildConfiguration;
			buildSettings = {
				ALWAYS_EMBED_SWIFT_STANDARD_LIBRARIES = YES;
				ASSETCATALOG_COMPILER_APPICON_NAME = AppIcon;
				ASSETCATALOG_COMPILER_GLOBAL_ACCENT_COLOR_NAME = AccentColor;
				CODE_SIGN_ENTITLEMENTS = driverbuddy/driverbuddy.entitlements;
				CODE_SIGN_STYLE = Automatic;
				CURRENT_PROJECT_VERSION = 1;
				DEVELOPMENT_ASSET_PATHS = "\"driverbuddy/Preview Content\"";
				DEVELOPMENT_TEAM = PFVCA649R3;
				ENABLE_PREVIEWS = YES;
				GENERATE_INFOPLIST_FILE = YES;
				INFOPLIST_KEY_UIApplicationSceneManifest_Generation = YES;
				INFOPLIST_KEY_UIApplicationSupportsIndirectInputEvents = YES;
				INFOPLIST_KEY_UILaunchScreen_Generation = YES;
				INFOPLIST_KEY_UISupportedInterfaceOrientations_iPad = "UIInterfaceOrientationPortrait UIInterfaceOrientationPortraitUpsideDown UIInterfaceOrientationLandscapeLeft UIInterfaceOrientationLandscapeRight";
				INFOPLIST_KEY_UISupportedInterfaceOrientations_iPhone = "UIInterfaceOrientationPortrait UIInterfaceOrientationLandscapeLeft UIInterfaceOrientationLandscapeRight";
				LD_RUNPATH_SEARCH_PATHS = (
					"$(inherited)",
					"@executable_path/Frameworks",
				);
				MARKETING_VERSION = 1.0;
				PRODUCT_BUNDLE_IDENTIFIER = com.kashiash.driverbuddy;
				PRODUCT_NAME = "$(TARGET_NAME)";
				SUPPORTED_PLATFORMS = "appletvos appletvsimulator iphoneos iphonesimulator";
				SUPPORTS_MACCATALYST = NO;
				SWIFT_EMIT_LOC_STRINGS = YES;
				SWIFT_VERSION = 5.0;
				TARGETED_DEVICE_FAMILY = "1,2,3";
			};
			name = Debug;
		};
		76294B992B934FA0006476EC /* Release */ = {
			isa = XCBuildConfiguration;
			buildSettings = {
				ALWAYS_EMBED_SWIFT_STANDARD_LIBRARIES = YES;
				ASSETCATALOG_COMPILER_APPICON_NAME = AppIcon;
				ASSETCATALOG_COMPILER_GLOBAL_ACCENT_COLOR_NAME = AccentColor;
				CODE_SIGN_ENTITLEMENTS = driverbuddy/driverbuddy.entitlements;
				CODE_SIGN_STYLE = Automatic;
				CURRENT_PROJECT_VERSION = 1;
				DEVELOPMENT_ASSET_PATHS = "\"driverbuddy/Preview Content\"";
				DEVELOPMENT_TEAM = PFVCA649R3;
				ENABLE_PREVIEWS = YES;
				GENERATE_INFOPLIST_FILE = YES;
				INFOPLIST_KEY_UIApplicationSceneManifest_Generation = YES;
				INFOPLIST_KEY_UIApplicationSupportsIndirectInputEvents = YES;
				INFOPLIST_KEY_UILaunchScreen_Generation = YES;
				INFOPLIST_KEY_UISupportedInterfaceOrientations_iPad = "UIInterfaceOrientationPortrait UIInterfaceOrientationPortraitUpsideDown UIInterfaceOrientationLandscapeLeft UIInterfaceOrientationLandscapeRight";
				INFOPLIST_KEY_UISupportedInterfaceOrientations_iPhone = "UIInterfaceOrientationPortrait UIInterfaceOrientationLandscapeLeft UIInterfaceOrientationLandscapeRight";
				LD_RUNPATH_SEARCH_PATHS = (
					"$(inherited)",
					"@executable_path/Frameworks",
				);
				MARKETING_VERSION = 1.0;
				PRODUCT_BUNDLE_IDENTIFIER = com.kashiash.driverbuddy;
				PRODUCT_NAME = "$(TARGET_NAME)";
				SUPPORTED_PLATFORMS = "appletvos appletvsimulator iphoneos iphonesimulator";
				SUPPORTS_MACCATALYST = NO;
				SWIFT_EMIT_LOC_STRINGS = YES;
				SWIFT_VERSION = 5.0;
				TARGETED_DEVICE_FAMILY = "1,2,3";
			};
			name = Release;
		};
		76294B9B2B934FA0006476EC /* Debug */ = {
			isa = XCBuildConfiguration;
			buildSettings = {
				ALWAYS_EMBED_SWIFT_STANDARD_LIBRARIES = YES;
				BUNDLE_LOADER = "$(TEST_HOST)";
				CODE_SIGN_STYLE = Automatic;
				CURRENT_PROJECT_VERSION = 1;
				DEVELOPMENT_TEAM = PFVCA649R3;
				GENERATE_INFOPLIST_FILE = YES;
				IPHONEOS_DEPLOYMENT_TARGET = 17.2;
				MARKETING_VERSION = 1.0;
				PRODUCT_BUNDLE_IDENTIFIER = com.kashiash.driverbuddyTests;
				PRODUCT_NAME = "$(TARGET_NAME)";
				SWIFT_EMIT_LOC_STRINGS = NO;
				SWIFT_VERSION = 5.0;
				TARGETED_DEVICE_FAMILY = "1,2";
				TEST_HOST = "$(BUILT_PRODUCTS_DIR)/driverbuddy.app/$(BUNDLE_EXECUTABLE_FOLDER_PATH)/driverbuddy";
			};
			name = Debug;
		};
		76294B9C2B934FA0006476EC /* Release */ = {
			isa = XCBuildConfiguration;
			buildSettings = {
				ALWAYS_EMBED_SWIFT_STANDARD_LIBRARIES = YES;
				BUNDLE_LOADER = "$(TEST_HOST)";
				CODE_SIGN_STYLE = Automatic;
				CURRENT_PROJECT_VERSION = 1;
				DEVELOPMENT_TEAM = PFVCA649R3;
				GENERATE_INFOPLIST_FILE = YES;
				IPHONEOS_DEPLOYMENT_TARGET = 17.2;
				MARKETING_VERSION = 1.0;
				PRODUCT_BUNDLE_IDENTIFIER = com.kashiash.driverbuddyTests;
				PRODUCT_NAME = "$(TARGET_NAME)";
				SWIFT_EMIT_LOC_STRINGS = NO;
				SWIFT_VERSION = 5.0;
				TARGETED_DEVICE_FAMILY = "1,2";
				TEST_HOST = "$(BUILT_PRODUCTS_DIR)/driverbuddy.app/$(BUNDLE_EXECUTABLE_FOLDER_PATH)/driverbuddy";
			};
			name = Release;
		};
		76294B9E2B934FA0006476EC /* Debug */ = {
			isa = XCBuildConfiguration;
			buildSettings = {
				ALWAYS_EMBED_SWIFT_STANDARD_LIBRARIES = YES;
				CODE_SIGN_STYLE = Automatic;
				CURRENT_PROJECT_VERSION = 1;
				DEVELOPMENT_TEAM = PFVCA649R3;
				GENERATE_INFOPLIST_FILE = YES;
				MARKETING_VERSION = 1.0;
				PRODUCT_BUNDLE_IDENTIFIER = com.kashiash.driverbuddyUITests;
				PRODUCT_NAME = "$(TARGET_NAME)";
				SWIFT_EMIT_LOC_STRINGS = NO;
				SWIFT_VERSION = 5.0;
				TARGETED_DEVICE_FAMILY = "1,2";
				TEST_TARGET_NAME = driverbuddy;
			};
			name = Debug;
		};
		76294B9F2B934FA0006476EC /* Release */ = {
			isa = XCBuildConfiguration;
			buildSettings = {
				ALWAYS_EMBED_SWIFT_STANDARD_LIBRARIES = YES;
				CODE_SIGN_STYLE = Automatic;
				CURRENT_PROJECT_VERSION = 1;
				DEVELOPMENT_TEAM = PFVCA649R3;
				GENERATE_INFOPLIST_FILE = YES;
				MARKETING_VERSION = 1.0;
				PRODUCT_BUNDLE_IDENTIFIER = com.kashiash.driverbuddyUITests;
				PRODUCT_NAME = "$(TARGET_NAME)";
				SWIFT_EMIT_LOC_STRINGS = NO;
				SWIFT_VERSION = 5.0;
				TARGETED_DEVICE_FAMILY = "1,2";
				TEST_TARGET_NAME = driverbuddy;
			};
			name = Release;
		};
		76A135732B9A791900E1C9AB /* Debug */ = {
			isa = XCBuildConfiguration;
			buildSettings = {
				ASSETCATALOG_COMPILER_GLOBAL_ACCENT_COLOR_NAME = AccentColor;
				ASSETCATALOG_COMPILER_WIDGET_BACKGROUND_COLOR_NAME = WidgetBackground;
				CODE_SIGN_STYLE = Automatic;
				CURRENT_PROJECT_VERSION = 1;
				DEVELOPMENT_TEAM = PFVCA649R3;
				GENERATE_INFOPLIST_FILE = YES;
				INFOPLIST_FILE = TaskList/Info.plist;
				INFOPLIST_KEY_CFBundleDisplayName = TaskList;
				INFOPLIST_KEY_NSHumanReadableCopyright = "";
				IPHONEOS_DEPLOYMENT_TARGET = 17.4;
				LD_RUNPATH_SEARCH_PATHS = (
					"$(inherited)",
					"@executable_path/Frameworks",
					"@executable_path/../../Frameworks",
				);
				MARKETING_VERSION = 1.0;
				PRODUCT_BUNDLE_IDENTIFIER = com.kashiash.driverbuddy.TaskList;
				PRODUCT_NAME = "$(TARGET_NAME)";
				SKIP_INSTALL = YES;
				SWIFT_EMIT_LOC_STRINGS = YES;
				SWIFT_VERSION = 5.0;
				TARGETED_DEVICE_FAMILY = "1,2";
			};
			name = Debug;
		};
		76A135742B9A791900E1C9AB /* Release */ = {
			isa = XCBuildConfiguration;
			buildSettings = {
				ASSETCATALOG_COMPILER_GLOBAL_ACCENT_COLOR_NAME = AccentColor;
				ASSETCATALOG_COMPILER_WIDGET_BACKGROUND_COLOR_NAME = WidgetBackground;
				CODE_SIGN_STYLE = Automatic;
				CURRENT_PROJECT_VERSION = 1;
				DEVELOPMENT_TEAM = PFVCA649R3;
				GENERATE_INFOPLIST_FILE = YES;
				INFOPLIST_FILE = TaskList/Info.plist;
				INFOPLIST_KEY_CFBundleDisplayName = TaskList;
				INFOPLIST_KEY_NSHumanReadableCopyright = "";
				IPHONEOS_DEPLOYMENT_TARGET = 17.4;
				LD_RUNPATH_SEARCH_PATHS = (
					"$(inherited)",
					"@executable_path/Frameworks",
					"@executable_path/../../Frameworks",
				);
				MARKETING_VERSION = 1.0;
				PRODUCT_BUNDLE_IDENTIFIER = com.kashiash.driverbuddy.TaskList;
				PRODUCT_NAME = "$(TARGET_NAME)";
				SKIP_INSTALL = YES;
				SWIFT_EMIT_LOC_STRINGS = YES;
				SWIFT_VERSION = 5.0;
				TARGETED_DEVICE_FAMILY = "1,2";
			};
			name = Release;
		};
/* End XCBuildConfiguration section */

/* Begin XCConfigurationList section */
		76294B6E2B934F9E006476EC /* Build configuration list for PBXProject "driverbuddy" */ = {
			isa = XCConfigurationList;
			buildConfigurations = (
				76294B952B934FA0006476EC /* Debug */,
				76294B962B934FA0006476EC /* Release */,
			);
			defaultConfigurationIsVisible = 0;
			defaultConfigurationName = Release;
		};
		76294B972B934FA0006476EC /* Build configuration list for PBXNativeTarget "driverbuddy" */ = {
			isa = XCConfigurationList;
			buildConfigurations = (
				76294B982B934FA0006476EC /* Debug */,
				76294B992B934FA0006476EC /* Release */,
			);
			defaultConfigurationIsVisible = 0;
			defaultConfigurationName = Release;
		};
		76294B9A2B934FA0006476EC /* Build configuration list for PBXNativeTarget "driverbuddyTests" */ = {
			isa = XCConfigurationList;
			buildConfigurations = (
				76294B9B2B934FA0006476EC /* Debug */,
				76294B9C2B934FA0006476EC /* Release */,
			);
			defaultConfigurationIsVisible = 0;
			defaultConfigurationName = Release;
		};
		76294B9D2B934FA0006476EC /* Build configuration list for PBXNativeTarget "driverbuddyUITests" */ = {
			isa = XCConfigurationList;
			buildConfigurations = (
				76294B9E2B934FA0006476EC /* Debug */,
				76294B9F2B934FA0006476EC /* Release */,
			);
			defaultConfigurationIsVisible = 0;
			defaultConfigurationName = Release;
		};
		76A135722B9A791900E1C9AB /* Build configuration list for PBXNativeTarget "TaskListExtension" */ = {
			isa = XCConfigurationList;
			buildConfigurations = (
				76A135732B9A791900E1C9AB /* Debug */,
				76A135742B9A791900E1C9AB /* Release */,
			);
			defaultConfigurationIsVisible = 0;
			defaultConfigurationName = Release;
		};
/* End XCConfigurationList section */

/* Begin XCRemoteSwiftPackageReference section */
		76896E582B9523D300FF101C /* XCRemoteSwiftPackageReference "SwiftCSV" */ = {
			isa = XCRemoteSwiftPackageReference;
			repositoryURL = "https://github.com/swiftcsv/SwiftCSV.git";
			requirement = {
				kind = upToNextMajorVersion;
				minimumVersion = 0.9.1;
			};
		};
/* End XCRemoteSwiftPackageReference section */

/* Begin XCSwiftPackageProductDependency section */
		76896E592B9523D300FF101C /* SwiftCSV */ = {
			isa = XCSwiftPackageProductDependency;
			package = 76896E582B9523D300FF101C /* XCRemoteSwiftPackageReference "SwiftCSV" */;
			productName = SwiftCSV;
		};
/* End XCSwiftPackageProductDependency section */
	};
	rootObject = 76294B6B2B934F9E006476EC /* Project object */;
}
